{
  "name": "filesystem",
  "version": "1.0.0",
  "lockfileVersion": 3,
  "requires": true,
  "packages": {
    "": {
      "name": "filesystem",
      "version": "1.0.0",
      "license": "ISC",
      "dependencies": {
        "commander": "^13.0.0",
        "filesystem": "file:",
        "lodash": "^4.17.21"
      }
    },
    "node_modules/commander": {
      "version": "13.0.0",
      "resolved": "https://registry.npmjs.org/commander/-/commander-13.0.0.tgz",
      "integrity": "sha512-oPYleIY8wmTVzkvQq10AEok6YcTC4sRUBl8F9gVuwchGVUCTbl/vhLTaQqutuuySYOsu8YTgV+OxKc/8Yvx+mQ==",
      "engines": {
        "node": ">=18"
      }
    },
    "node_modules/filesystem": {
      "resolved": "",
      "link": true
    },
    "node_modules/lodash": {
      "version": "4.17.21",
      "resolved": "https://registry.npmjs.org/lodash/-/lodash-4.17.21.tgz",
      "integrity": "sha512-v2kDEe57lecTulaDIuNTPy3Ry4gLGJ6Z1O3vE1krgXZNrsQ+LFTGHVxVjcXPs17LhbZVGedAJv8XZ1tvj5FvSg=="
    }
  }
}
