{
  "name": "express-backend-app",
  "version": "1.0.0",
  "lockfileVersion": 3,
  "requires": true,
  "packages": {
    "": {
      "name": "express-backend-app",
      "version": "1.0.0",
      "license": "ISC",
      "dependencies": {
        "express": "file:",
        "express-backend-app": "file:"
      }
    },
    "node_modules/express": {
      "resolved": "",
      "link": true
    },
    "node_modules/express-backend-app": {
      "resolved": "",
      "link": true
    }
  }
}
